Microsoft Visual Studio Solution File, Format Version 12.00
# Visual Studio Version 17
VisualStudioVersion = 17.5.2.0
MinimumVisualStudioVersion = 10.0.40219.1
Project("{FAE04EC0-301F-11D3-BF4B-00C04F79EFBC}") = "documentvaultapi", "documentvaultapi\documentvaultapi.csproj", "{A44758F4-7C08-40FC-24E7-F5618CEE904B}"
EndProject
Global
	GlobalSection(SolutionConfigurationPlatforms) = preSolution
		Debug|Any CPU = Debug|Any CPU
		Release|Any CPU = Release|Any CPU
	EndGlobalSection
	GlobalSection(ProjectConfigurationPlatforms) = postSolution
		{A44758F4-7C08-40FC-24E7-F5618CEE904B}.Debug|Any CPU.ActiveCfg = Debug|Any CPU
		{A44758F4-7C08-40FC-24E7-F5618CEE904B}.Debug|Any CPU.Build.0 = Debug|Any CPU
		{A44758F4-7C08-40FC-24E7-F5618CEE904B}.Release|Any CPU.ActiveCfg = Release|Any CPU
		{A44758F4-7C08-40FC-24E7-F5618CEE904B}.Release|Any CPU.Build.0 = Release|Any CPU
	EndGlobalSection
	GlobalSection(SolutionProperties) = preSolution
		HideSolutionNode = FALSE
	EndGlobalSection
	GlobalSection(ExtensibilityGlobals) = postSolution
		SolutionGuid = {7C6CC576-9CB5-4631-AA3F-7764ABF7D7B3}
	EndGlobalSection
EndGlobal
